
Microsoft Visual Studio Solution File, Format Version 12.00
# Visual Studio Version 16
VisualStudioVersion = 16.0.30114.105
MinimumVisualStudioVersion = 10.0.40219.1
Project("{2150E333-8FDC-42A3-9474-1A3956D46DE8}") = "src", "src", "{47074100-5701-48C1-8830-D2581C29DC7B}"
EndProject
Project("{2150E333-8FDC-42A3-9474-1A3956D46DE8}") = "1.6 - External", "1.6 - External", "{D6FB0227-54E3-4695-B571-33867066573B}"
EndProject
Project("{2150E333-8FDC-42A3-9474-1A3956D46DE8}") = "BitcoinFees", "BitcoinFees", "{3A5BD423-2D71-4CED-A5FC-3323B6DBFE5A}"
EndProject
Project("{FAE04EC0-301F-11D3-BF4B-00C04F79EFBC}") = "External.CryptoData", "src\1.6 - External\External.CryptoData\External.CryptoData.csproj", "{262E380E-3CF7-46D6-B43B-45D012D8C649}"
EndProject
Project("{2150E333-8FDC-42A3-9474-1A3956D46DE8}") = "1.1 - Presentation", "1.1 - Presentation", "{0ABA12B1-0D08-4DE2-8301-6ADB3E0616B0}"
EndProject
Project("{FAE04EC0-301F-11D3-BF4B-00C04F79EFBC}") = "Presentation.Api", "src\1.1 - Presentation\Presentation.Api\Presentation.Api.csproj", "{39E40B51-D785-4B14-B145-DDEB85498FC5}"
EndProject
Project("{2150E333-8FDC-42A3-9474-1A3956D46DE8}") = "1.3 - Domain", "1.3 - Domain", "{533AFAC7-2102-458F-BA62-DD8BB2A82484}"
EndProject
Project("{FAE04EC0-301F-11D3-BF4B-00C04F79EFBC}") = "Domain.Core", "src\1.3 - Domain\Domain.Core\Domain.Core.csproj", "{291ED392-BBF6-426F-910E-3163422E667D}"
EndProject
Project("{FAE04EC0-301F-11D3-BF4B-00C04F79EFBC}") = "Domain.Model", "src\1.3 - Domain\Domain.Model\Domain.Model.csproj", "{8F4DB905-443E-4982-A651-893A80BCDCFF}"
EndProject
Global
	GlobalSection(SolutionConfigurationPlatforms) = preSolution
		Debug|Any CPU = Debug|Any CPU
		Release|Any CPU = Release|Any CPU
	EndGlobalSection
	GlobalSection(SolutionProperties) = preSolution
		HideSolutionNode = FALSE
	EndGlobalSection
	GlobalSection(ProjectConfigurationPlatforms) = postSolution
		{262E380E-3CF7-46D6-B43B-45D012D8C649}.Debug|Any CPU.ActiveCfg = Debug|Any CPU
		{262E380E-3CF7-46D6-B43B-45D012D8C649}.Debug|Any CPU.Build.0 = Debug|Any CPU
		{262E380E-3CF7-46D6-B43B-45D012D8C649}.Release|Any CPU.ActiveCfg = Release|Any CPU
		{262E380E-3CF7-46D6-B43B-45D012D8C649}.Release|Any CPU.Build.0 = Release|Any CPU
		{39E40B51-D785-4B14-B145-DDEB85498FC5}.Debug|Any CPU.ActiveCfg = Debug|Any CPU
		{39E40B51-D785-4B14-B145-DDEB85498FC5}.Debug|Any CPU.Build.0 = Debug|Any CPU
		{39E40B51-D785-4B14-B145-DDEB85498FC5}.Release|Any CPU.ActiveCfg = Release|Any CPU
		{39E40B51-D785-4B14-B145-DDEB85498FC5}.Release|Any CPU.Build.0 = Release|Any CPU
		{291ED392-BBF6-426F-910E-3163422E667D}.Debug|Any CPU.ActiveCfg = Debug|Any CPU
		{291ED392-BBF6-426F-910E-3163422E667D}.Debug|Any CPU.Build.0 = Debug|Any CPU
		{291ED392-BBF6-426F-910E-3163422E667D}.Release|Any CPU.ActiveCfg = Release|Any CPU
		{291ED392-BBF6-426F-910E-3163422E667D}.Release|Any CPU.Build.0 = Release|Any CPU
		{8F4DB905-443E-4982-A651-893A80BCDCFF}.Debug|Any CPU.ActiveCfg = Debug|Any CPU
		{8F4DB905-443E-4982-A651-893A80BCDCFF}.Debug|Any CPU.Build.0 = Debug|Any CPU
		{8F4DB905-443E-4982-A651-893A80BCDCFF}.Release|Any CPU.ActiveCfg = Release|Any CPU
		{8F4DB905-443E-4982-A651-893A80BCDCFF}.Release|Any CPU.Build.0 = Release|Any CPU
	EndGlobalSection
	GlobalSection(NestedProjects) = preSolution
		{D6FB0227-54E3-4695-B571-33867066573B} = {47074100-5701-48C1-8830-D2581C29DC7B}
		{3A5BD423-2D71-4CED-A5FC-3323B6DBFE5A} = {D6FB0227-54E3-4695-B571-33867066573B}
		{262E380E-3CF7-46D6-B43B-45D012D8C649} = {D6FB0227-54E3-4695-B571-33867066573B}
		{0ABA12B1-0D08-4DE2-8301-6ADB3E0616B0} = {47074100-5701-48C1-8830-D2581C29DC7B}
		{39E40B51-D785-4B14-B145-DDEB85498FC5} = {0ABA12B1-0D08-4DE2-8301-6ADB3E0616B0}
		{533AFAC7-2102-458F-BA62-DD8BB2A82484} = {47074100-5701-48C1-8830-D2581C29DC7B}
		{291ED392-BBF6-426F-910E-3163422E667D} = {533AFAC7-2102-458F-BA62-DD8BB2A82484}
		{8F4DB905-443E-4982-A651-893A80BCDCFF} = {533AFAC7-2102-458F-BA62-DD8BB2A82484}
	EndGlobalSection
EndGlobal
